// !$*UTF8*$!
{
	archiveVersion = 1;
	classes = {
	};
	objectVersion = 46;
	objects = {

/* Begin PBXBuildFile section */
		84958C031A69042300E57B8F /* main.m in Sources */ = {isa = PBXBuildFile; fileRef = 84958C021A69042300E57B8F /* main.m */; };
		84958C061A69042300E57B8F /* AppDelegate.m in Sources */ = {isa = PBXBuildFile; fileRef = 84958C051A69042300E57B8F /* AppDelegate.m */; };
		84958C091A69042300E57B8F /* ViewController.m in Sources */ = {isa = PBXBuildFile; fileRef = 84958C081A69042300E57B8F /* ViewController.m */; };
		84958C0C1A69042300E57B8F /* Main.storyboard in Resources */ = {isa = PBXBuildFile; fileRef = 84958C0A1A69042300E57B8F /* Main.storyboard */; };
		84958C0E1A69042300E57B8F /* Images.xcassets in Resources */ = {isa = PBXBuildFile; fileRef = 84958C0D1A69042300E57B8F /* Images.xcassets */; };
		84958C111A69042300E57B8F /* LaunchScreen.xib in Resources */ = {isa = PBXBuildFile; fileRef = 84958C0F1A69042300E57B8F /* LaunchScreen.xib */; };
		84958C1D1A69042300E57B8F /* TestAnimation_______Tests.m in Sources */ = {isa = PBXBuildFile; fileRef = 84958C1C1A69042300E57B8F /* TestAnimation_______Tests.m */; };
/* End PBXBuildFile section */

/* Begin PBXContainerItemProxy section */
		84958C171A69042300E57B8F /* PBXContainerItemProxy */ = {
			isa = PBXContainerItemProxy;
			containerPortal = 84958BF51A69042300E57B8F /* Project object */;
			proxyType = 1;
			remoteGlobalIDString = 84958BFC1A69042300E57B8F;
			remoteInfo = "TestAnimation_我的组合动画";
		};
/* End PBXContainerItemProxy section */

/* Begin PBXFileReference section */
		84958BFD1A69042300E57B8F /* TestAnimation_我的组合动画.app */ = {isa = PBXFileReference; explicitFileType = wrapper.application; includeInIndex = 0; path = "TestAnimation_我的组合动画.app"; sourceTree = BUILT_PRODUCTS_DIR; };
		84958C011A69042300E57B8F /* Info.plist */ = {isa = PBXFileReference; lastKnownFileType = text.plist.xml; path = Info.plist; sourceTree = "<group>"; };
		84958C021A69042300E57B8F /* main.m */ = {isa = PBXFileReference; lastKnownFileType = sourcecode.c.objc; path = main.m; sourceTree = "<group>"; };
		84958C041A69042300E57B8F /* AppDelegate.h */ = {isa = PBXFileReference; lastKnownFileType = sourcecode.c.h; path = AppDelegate.h; sourceTree = "<group>"; };
		84958C051A69042300E57B8F /* AppDelegate.m */ = {isa = PBXFileReference; lastKnownFileType = sourcecode.c.objc; path = AppDelegate.m; sourceTree = "<group>"; };
		84958C071A69042300E57B8F /* ViewController.h */ = {isa = PBXFileReference; lastKnownFileType = sourcecode.c.h; path = ViewController.h; sourceTree = "<group>"; };
		84958C081A69042300E57B8F /* ViewController.m */ = {isa = PBXFileReference; lastKnownFileType = sourcecode.c.objc; path = ViewController.m; sourceTree = "<group>"; };
		84958C0B1A69042300E57B8F /* Base */ = {isa = PBXFileReference; lastKnownFileType = file.storyboard; name = Base; path = Base.lproj/Main.storyboard; sourceTree = "<group>"; };
		84958C0D1A69042300E57B8F /* Images.xcassets */ = {isa = PBXFileReference; lastKnownFileType = folder.assetcatalog; path = Images.xcassets; sourceTree = "<group>"; };
		84958C101A69042300E57B8F /* Base */ = {isa = PBXFileReference; lastKnownFileType = file.xib; name = Base; path = Base.lproj/LaunchScreen.xib; sourceTree = "<group>"; };
		84958C161A69042300E57B8F /* TestAnimation_我的组合动画Tests.xctest */ = {isa = PBXFileReference; explicitFileType = wrapper.cfbundle; includeInIndex = 0; path = "TestAnimation_我的组合动画Tests.xctest"; sourceTree = BUILT_PRODUCTS_DIR; };
		84958C1B1A69042300E57B8F /* Info.plist */ = {isa = PBXFileReference; lastKnownFileType = text.plist.xml; path = Info.plist; sourceTree = "<group>"; };
		84958C1C1A69042300E57B8F /* TestAnimation_______Tests.m */ = {isa = PBXFileReference; lastKnownFileType = sourcecode.c.objc; path = "TestAnimation_______Tests.m"; sourceTree = "<group>"; };
/* End PBXFileReference section */

/* Begin PBXFrameworksBuildPhase section */
		84958BFA1A69042300E57B8F /* Frameworks */ = {
			isa = PBXFrameworksBuildPhase;
			buildActionMask = 2147483647;
			files = (
			);
			runOnlyForDeploymentPostprocessing = 0;
		};
		84958C131A69042300E57B8F /* Frameworks */ = {
			isa = PBXFrameworksBuildPhase;
			buildActionMask = 2147483647;
			files = (
			);
			runOnlyForDeploymentPostprocessing = 0;
		};
/* End PBXFrameworksBuildPhase section */

/* Begin PBXGroup section */
		84958BF41A69042300E57B8F = {
			isa = PBXGroup;
			children = (
				84958BFF1A69042300E57B8F /* TestAnimation_我的组合动画 */,
				84958C191A69042300E57B8F /* TestAnimation_我的组合动画Tests */,
				84958BFE1A69042300E57B8F /* Products */,
			);
			sourceTree = "<group>";
		};
		84958BFE1A69042300E57B8F /* Products */ = {
			isa = PBXGroup;
			children = (
				84958BFD1A69042300E57B8F /* TestAnimation_我的组合动画.app */,
				84958C161A69042300E57B8F /* TestAnimation_我的组合动画Tests.xctest */,
			);
			name = Products;
			sourceTree = "<group>";
		};
		84958BFF1A69042300E57B8F /* TestAnimation_我的组合动画 */ = {
			isa = PBXGroup;
			children = (
				84958C041A69042300E57B8F /* AppDelegate.h */,
				84958C051A69042300E57B8F /* AppDelegate.m */,
				84958C071A69042300E57B8F /* ViewController.h */,
				84958C081A69042300E57B8F /* ViewController.m */,
				84958C0A1A69042300E57B8F /* Main.storyboard */,
				84958C0D1A69042300E57B8F /* Images.xcassets */,
				84958C0F1A69042300E57B8F /* LaunchScreen.xib */,
				84958C001A69042300E57B8F /* Supporting Files */,
			);
			path = "TestAnimation_我的组合动画";
			sourceTree = "<group>";
		};
		84958C001A69042300E57B8F /* Supporting Files */ = {
			isa = PBXGroup;
			children = (
				84958C011A69042300E57B8F /* Info.plist */,
				84958C021A69042300E57B8F /* main.m */,
			);
			name = "Supporting Files";
			sourceTree = "<group>";
		};
		84958C191A69042300E57B8F /* TestAnimation_我的组合动画Tests */ = {
			isa = PBXGroup;
			children = (
				84958C1C1A69042300E57B8F /* TestAnimation_______Tests.m */,
				84958C1A1A69042300E57B8F /* Supporting Files */,
			);
			path = "TestAnimation_我的组合动画Tests";
			sourceTree = "<group>";
		};
		84958C1A1A69042300E57B8F /* Supporting Files */ = {
			isa = PBXGroup;
			children = (
				84958C1B1A69042300E57B8F /* Info.plist */,
			);
			name = "Supporting Files";
			sourceTree = "<group>";
		};
/* End PBXGroup section */

/* Begin PBXNativeTarget section */
		84958BFC1A69042300E57B8F /* TestAnimation_我的组合动画 */ = {
			isa = PBXNativeTarget;
			buildConfigurationList = 84958C201A69042300E57B8F /* Build configuration list for PBXNativeTarget "TestAnimation_我的组合动画" */;
			buildPhases = (
				84958BF91A69042300E57B8F /* Sources */,
				84958BFA1A69042300E57B8F /* Frameworks */,
				84958BFB1A69042300E57B8F /* Resources */,
			);
			buildRules = (
			);
			dependencies = (
			);
			name = "TestAnimation_我的组合动画";
			productName = "TestAnimation_我的组合动画";
			productReference = 84958BFD1A69042300E57B8F /* TestAnimation_我的组合动画.app */;
			productType = "com.apple.product-type.application";
		};
		84958C151A69042300E57B8F /* TestAnimation_我的组合动画Tests */ = {
			isa = PBXNativeTarget;
			buildConfigurationList = 84958C231A69042300E57B8F /* Build configuration list for PBXNativeTarget "TestAnimation_我的组合动画Tests" */;
			buildPhases = (
				84958C121A69042300E57B8F /* Sources */,
				84958C131A69042300E57B8F /* Frameworks */,
				84958C141A69042300E57B8F /* Resources */,
			);
			buildRules = (
			);
			dependencies = (
				84958C181A69042300E57B8F /* PBXTargetDependency */,
			);
			name = "TestAnimation_我的组合动画Tests";
			productName = "TestAnimation_我的组合动画Tests";
			productReference = 84958C161A69042300E57B8F /* TestAnimation_我的组合动画Tests.xctest */;
			productType = "com.apple.product-type.bundle.unit-test";
		};
/* End PBXNativeTarget section */

/* Begin PBXProject section */
		84958BF51A69042300E57B8F /* Project object */ = {
			isa = PBXProject;
			attributes = {
				LastUpgradeCheck = 0610;
				ORGANIZATIONNAME = "___CC___";
				TargetAttributes = {
					84958BFC1A69042300E57B8F = {
						CreatedOnToolsVersion = 6.1;
					};
					84958C151A69042300E57B8F = {
						CreatedOnToolsVersion = 6.1;
						TestTargetID = 84958BFC1A69042300E57B8F;
					};
				};
			};
			buildConfigurationList = 84958BF81A69042300E57B8F /* Build configuration list for PBXProject "TestAnimation_我的组合动画" */;
			compatibilityVersion = "Xcode 3.2";
			developmentRegion = English;
			hasScannedForEncodings = 0;
			knownRegions = (
				en,
				Base,
			);
			mainGroup = 84958BF41A69042300E57B8F;
			productRefGroup = 84958BFE1A69042300E57B8F /* Products */;
			projectDirPath = "";
			projectRoot = "";
			targets = (
				84958BFC1A69042300E57B8F /* TestAnimation_我的组合动画 */,
				84958C151A69042300E57B8F /* TestAnimation_我的组合动画Tests */,
			);
		};
/* End PBXProject section */

/* Begin PBXResourcesBuildPhase section */
		84958BFB1A69042300E57B8F /* Resources */ = {
			isa = PBXResourcesBuildPhase;
			buildActionMask = 2147483647;
			files = (
				84958C0C1A69042300E57B8F /* Main.storyboard in Resources */,
				84958C111A69042300E57B8F /* LaunchScreen.xib in Resources */,
				84958C0E1A69042300E57B8F /* Images.xcassets in Resources */,
			);
			runOnlyForDeploymentPostprocessing = 0;
		};
		84958C141A69042300E57B8F /* Resources */ = {
			isa = PBXResourcesBuildPhase;
			buildActionMask = 2147483647;
			files = (
			);
			runOnlyForDeploymentPostprocessing = 0;
		};
/* End PBXResourcesBuildPhase section */

/* Begin PBXSourcesBuildPhase section */
		84958BF91A69042300E57B8F /* Sources */ = {
			isa = PBXSourcesBuildPhase;
			buildActionMask = 2147483647;
			files = (
				84958C091A69042300E57B8F /* ViewController.m in Sources */,
				84958C061A69042300E57B8F /* AppDelegate.m in Sources */,
				84958C031A69042300E57B8F /* main.m in Sources */,
			);
			runOnlyForDeploymentPostprocessing = 0;
		};
		84958C121A69042300E57B8F /* Sources */ = {
			isa = PBXSourcesBuildPhase;
			buildActionMask = 2147483647;
			files = (
				84958C1D1A69042300E57B8F /* TestAnimation_______Tests.m in Sources */,
			);
			runOnlyForDeploymentPostprocessing = 0;
		};
/* End PBXSourcesBuildPhase section */

/* Begin PBXTargetDependency section */
		84958C181A69042300E57B8F /* PBXTargetDependency */ = {
			isa = PBXTargetDependency;
			target = 84958BFC1A69042300E57B8F /* TestAnimation_我的组合动画 */;
			targetProxy = 84958C171A69042300E57B8F /* PBXContainerItemProxy */;
		};
/* End PBXTargetDependency section */

/* Begin PBXVariantGroup section */
		84958C0A1A69042300E57B8F /* Main.storyboard */ = {
			isa = PBXVariantGroup;
			children = (
				84958C0B1A69042300E57B8F /* Base */,
			);
			name = Main.storyboard;
			sourceTree = "<group>";
		};
		84958C0F1A69042300E57B8F /* LaunchScreen.xib */ = {
			isa = PBXVariantGroup;
			children = (
				84958C101A69042300E57B8F /* Base */,
			);
			name = LaunchScreen.xib;
			sourceTree = "<group>";
		};
/* End PBXVariantGroup section */

/* Begin XCBuildConfiguration section */
		84958C1E1A69042300E57B8F /* Debug */ = {
			isa = XCBuildConfiguration;
			buildSettings = {
				ALWAYS_SEARCH_USER_PATHS = NO;
				CLANG_CXX_LANGUAGE_STANDARD = "gnu++0x";
				CLANG_CXX_LIBRARY = "libc++";
				CLANG_ENABLE_MODULES = YES;
				CLANG_ENABLE_OBJC_ARC = YES;
				CLANG_WARN_BOOL_CONVERSION = YES;
				CLANG_WARN_CONSTANT_CONVERSION = YES;
				CLANG_WARN_DIRECT_OBJC_ISA_USAGE = YES_ERROR;
				CLANG_WARN_EMPTY_BODY = YES;
				CLANG_WARN_ENUM_CONVERSION = YES;
				CLANG_WARN_INT_CONVERSION = YES;
				CLANG_WARN_OBJC_ROOT_CLASS = YES_ERROR;
				CLANG_WARN_UNREACHABLE_CODE = YES;
				CLANG_WARN__DUPLICATE_METHOD_MATCH = YES;
				"CODE_SIGN_IDENTITY[sdk=iphoneos*]" = "iPhone Developer";
				COPY_PHASE_STRIP = NO;
				ENABLE_STRICT_OBJC_MSGSEND = YES;
				GCC_C_LANGUAGE_STANDARD = gnu99;
				GCC_DYNAMIC_NO_PIC = NO;
				GCC_OPTIMIZATION_LEVEL = 0;
				GCC_PREPROCESSOR_DEFINITIONS = (
					"DEBUG=1",
					"$(inherited)",
				);
				GCC_SYMBOLS_PRIVATE_EXTERN = NO;
				GCC_WARN_64_TO_32_BIT_CONVERSION = YES;
				GCC_WARN_ABOUT_RETURN_TYPE = YES_ERROR;
				GCC_WARN_UNDECLARED_SELECTOR = YES;
				GCC_WARN_UNINITIALIZED_AUTOS = YES_AGGRESSIVE;
				GCC_WARN_UNUSED_FUNCTION = YES;
				GCC_WARN_UNUSED_VARIABLE = YES;
				IPHONEOS_DEPLOYMENT_TARGET = 8.1;
				MTL_ENABLE_DEBUG_INFO = YES;
				ONLY_ACTIVE_ARCH = YES;
				SDKROOT = iphoneos;
			};
			name = Debug;
		};
		84958C1F1A69042300E57B8F /* Release */ = {
			isa = XCBuildConfiguration;
			buildSettings = {
				ALWAYS_SEARCH_USER_PATHS = NO;
				CLANG_CXX_LANGUAGE_STANDARD = "gnu++0x";
				CLANG_CXX_LIBRARY = "libc++";
				CLANG_ENABLE_MODULES = YES;
				CLANG_ENABLE_OBJC_ARC = YES;
				CLANG_WARN_BOOL_CONVERSION = YES;
				CLANG_WARN_CONSTANT_CONVERSION = YES;
				CLANG_WARN_DIRECT_OBJC_ISA_USAGE = YES_ERROR;
				CLANG_WARN_EMPTY_BODY = YES;
				CLANG_WARN_ENUM_CONVERSION = YES;
				CLANG_WARN_INT_CONVERSION = YES;
				CLANG_WARN_OBJC_ROOT_CLASS = YES_ERROR;
				CLANG_WARN_UNREACHABLE_CODE = YES;
				CLANG_WARN__DUPLICATE_METHOD_MATCH = YES;
				"CODE_SIGN_IDENTITY[sdk=iphoneos*]" = "iPhone Developer";
				COPY_PHASE_STRIP = YES;
				ENABLE_NS_ASSERTIONS = NO;
				ENABLE_STRICT_OBJC_MSGSEND = YES;
				GCC_C_LANGUAGE_STANDARD = gnu99;
				GCC_WARN_64_TO_32_BIT_CONVERSION = YES;
				GCC_WARN_ABOUT_RETURN_TYPE = YES_ERROR;
				GCC_WARN_UNDECLARED_SELECTOR = YES;
				GCC_WARN_UNINITIALIZED_AUTOS = YES_AGGRESSIVE;
				GCC_WARN_UNUSED_FUNCTION = YES;
				GCC_WARN_UNUSED_VARIABLE = YES;
				IPHONEOS_DEPLOYMENT_TARGET = 8.1;
				MTL_ENABLE_DEBUG_INFO = NO;
				SDKROOT = iphoneos;
				VALIDATE_PRODUCT = YES;
			};
			name = Release;
		};
		84958C211A69042300E57B8F /* Debug */ = {
			isa = XCBuildConfiguration;
			buildSettings = {
				ASSETCATALOG_COMPILER_APPICON_NAME = AppIcon;
				INFOPLIST_FILE = "TestAnimation_我的组合动画/Info.plist";
				LD_RUNPATH_SEARCH_PATHS = "$(inherited) @executable_path/Frameworks";
				PRODUCT_NAME = "$(TARGET_NAME)";
			};
			name = Debug;
		};
		84958C221A69042300E57B8F /* Release */ = {
			isa = XCBuildConfiguration;
			buildSettings = {
				ASSETCATALOG_COMPILER_APPICON_NAME = AppIcon;
				INFOPLIST_FILE = "TestAnimation_我的组合动画/Info.plist";
				LD_RUNPATH_SEARCH_PATHS = "$(inherited) @executable_path/Frameworks";
				PRODUCT_NAME = "$(TARGET_NAME)";
			};
			name = Release;
		};
		84958C241A69042300E57B8F /* Debug */ = {
			isa = XCBuildConfiguration;
			buildSettings = {
				BUNDLE_LOADER = "$(TEST_HOST)";
				FRAMEWORK_SEARCH_PATHS = (
					"$(SDKROOT)/Developer/Library/Frameworks",
					"$(inherited)",
				);
				GCC_PREPROCESSOR_DEFINITIONS = (
					"DEBUG=1",
					"$(inherited)",
				);
				INFOPLIST_FILE = "TestAnimation_我的组合动画Tests/Info.plist";
				LD_RUNPATH_SEARCH_PATHS = "$(inherited) @executable_path/Frameworks @loader_path/Frameworks";
				PRODUCT_NAME = "$(TARGET_NAME)";
				TEST_HOST = "$(BUILT_PRODUCTS_DIR)/TestAnimation_我的组合动画.app/TestAnimation_我的组合动画";
			};
			name = Debug;
		};
		84958C251A69042300E57B8F /* Release */ = {
			isa = XCBuildConfiguration;
			buildSettings = {
				BUNDLE_LOADER = "$(TEST_HOST)";
				FRAMEWORK_SEARCH_PATHS = (
					"$(SDKROOT)/Developer/Library/Frameworks",
					"$(inherited)",
				);
				INFOPLIST_FILE = "TestAnimation_我的组合动画Tests/Info.plist";
				LD_RUNPATH_SEARCH_PATHS = "$(inherited) @executable_path/Frameworks @loader_path/Frameworks";
				PRODUCT_NAME = "$(TARGET_NAME)";
				TEST_HOST = "$(BUILT_PRODUCTS_DIR)/TestAnimation_我的组合动画.app/TestAnimation_我的组合动画";
			};
			name = Release;
		};
/* End XCBuildConfiguration section */

/* Begin XCConfigurationList section */
		84958BF81A69042300E57B8F /* Build configuration list for PBXProject "TestAnimation_我的组合动画" */ = {
			isa = XCConfigurationList;
			buildConfigurations = (
				84958C1E1A69042300E57B8F /* Debug */,
				84958C1F1A69042300E57B8F /* Release */,
			);
			defaultConfigurationIsVisible = 0;
			defaultConfigurationName = Release;
		};
		84958C201A69042300E57B8F /* Build configuration list for PBXNativeTarget "TestAnimation_我的组合动画" */ = {
			isa = XCConfigurationList;
			buildConfigurations = (
				84958C211A69042300E57B8F /* Debug */,
				84958C221A69042300E57B8F /* Release */,
			);
			defaultConfigurationIsVisible = 0;
		};
		84958C231A69042300E57B8F /* Build configuration list for PBXNativeTarget "TestAnimation_我的组合动画Tests" */ = {
			isa = XCConfigurationList;
			buildConfigurations = (
				84958C241A69042300E57B8F /* Debug */,
				84958C251A69042300E57B8F /* Release */,
			);
			defaultConfigurationIsVisible = 0;
		};
/* End XCConfigurationList section */
	};
	rootObject = 84958BF51A69042300E57B8F /* Project object */;
}
